
Microsoft Visual Studio Solution File, Format Version 12.00
# Visual Studio Version 17
VisualStudioVersion = 17.9.34728.123
MinimumVisualStudioVersion = 10.0.40219.1
Project("{FAE04EC0-301F-11D3-BF4B-00C04F79EFBC}") = "ReverseWordMoreThan5Letters", "ReverseWordMoreThan5Letters.csproj", "{3F82E42F-CDC8-4AB0-B633-D8D6189FFA26}"
EndProject
Global
	GlobalSection(SolutionConfigurationPlatforms) = preSolution
		Debug|Any CPU = Debug|Any CPU
		Release|Any CPU = Release|Any CPU
	EndGlobalSection
	GlobalSection(ProjectConfigurationPlatforms) = postSolution
		{3F82E42F-CDC8-4AB0-B633-D8D6189FFA26}.Debug|Any CPU.ActiveCfg = Debug|Any CPU
		{3F82E42F-CDC8-4AB0-B633-D8D6189FFA26}.Debug|Any CPU.Build.0 = Debug|Any CPU
		{3F82E42F-CDC8-4AB0-B633-D8D6189FFA26}.Release|Any CPU.ActiveCfg = Release|Any CPU
		{3F82E42F-CDC8-4AB0-B633-D8D6189FFA26}.Release|Any CPU.Build.0 = Release|Any CPU
	EndGlobalSection
	GlobalSection(SolutionProperties) = preSolution
		HideSolutionNode = FALSE
	EndGlobalSection
	GlobalSection(ExtensibilityGlobals) = postSolution
		SolutionGuid = {BE9DF75A-5E48-40C0-AE18-228A73A20AAE}
	EndGlobalSection
EndGlobal
