
Microsoft Visual Studio Solution File, Format Version 12.00
# Visual Studio Version 17
VisualStudioVersion = 17.9.34728.123
MinimumVisualStudioVersion = 10.0.40219.1
Project("{FAE04EC0-301F-11D3-BF4B-00C04F79EFBC}") = "ReverseWordsAlgorithm", "ReverseWordsAlgorithm.csproj", "{605117AD-16B2-4958-B7B0-A52384565801}"
EndProject
Global
	GlobalSection(SolutionConfigurationPlatforms) = preSolution
		Debug|Any CPU = Debug|Any CPU
		Release|Any CPU = Release|Any CPU
	EndGlobalSection
	GlobalSection(ProjectConfigurationPlatforms) = postSolution
		{605117AD-16B2-4958-B7B0-A52384565801}.Debug|Any CPU.ActiveCfg = Debug|Any CPU
		{605117AD-16B2-4958-B7B0-A52384565801}.Debug|Any CPU.Build.0 = Debug|Any CPU
		{605117AD-16B2-4958-B7B0-A52384565801}.Release|Any CPU.ActiveCfg = Release|Any CPU
		{605117AD-16B2-4958-B7B0-A52384565801}.Release|Any CPU.Build.0 = Release|Any CPU
	EndGlobalSection
	GlobalSection(SolutionProperties) = preSolution
		HideSolutionNode = FALSE
	EndGlobalSection
	GlobalSection(ExtensibilityGlobals) = postSolution
		SolutionGuid = {5C9E855E-B2D9-44F6-8AD5-01110E189333}
	EndGlobalSection
EndGlobal
